<?xml version="1.0" encoding="utf-8"?>
<Project ToolsVersion="4.0" xmlns="http://schemas.microsoft.com/developer/msbuild/2003">
  <ItemGroup>
    <Filter Include="Main">
      <UniqueIdentifier>{9b35bb97-5458-4b1a-9346-43c827068746}</UniqueIdentifier>
    </Filter>
    <Filter Include="Func">
      <UniqueIdentifier>{603a6cee-469c-4f51-a250-d4181b9646b3}</UniqueIdentifier>
    </Filter>
  </ItemGroup>
  <ItemGroup>
    <ClCompile Include="main.cpp">
      <Filter>Main</Filter>
    </ClCompile>
    <ClCompile Include="Func.cpp">
      <Filter>Func</Filter>
    </ClCompile>
  </ItemGroup>
  <ItemGroup>
    <ClInclude Include="Func.h">
      <Filter>Func</Filter>
    </ClInclude>
  </ItemGroup>
</Project>